
Microsoft Visual Studio Solution File, Format Version 12.00
Project("{FAE04EC0-301F-11D3-BF4B-00C04F79EFBC}") = "MultiThreadDemo.Surface", "MultiThreadDemo.Surface\MultiThreadDemo.Surface.csproj", "{CABBAF50-5162-46FA-B870-DC2CDA3355DE}"
EndProject
Project("{FAE04EC0-301F-11D3-BF4B-00C04F79EFBC}") = "MultiThread.Core", "MultiThread.Core\MultiThread.Core.csproj", "{05E083C3-9A0F-409E-AE93-992655CA0CE0}"
EndProject
Global
	GlobalSection(SolutionConfigurationPlatforms) = preSolution
		Debug|Any CPU = Debug|Any CPU
		Release|Any CPU = Release|Any CPU
	EndGlobalSection
	GlobalSection(ProjectConfigurationPlatforms) = postSolution
		{CABBAF50-5162-46FA-B870-DC2CDA3355DE}.Debug|Any CPU.ActiveCfg = Debug|Any CPU
		{CABBAF50-5162-46FA-B870-DC2CDA3355DE}.Debug|Any CPU.Build.0 = Debug|Any CPU
		{CABBAF50-5162-46FA-B870-DC2CDA3355DE}.Release|Any CPU.ActiveCfg = Release|Any CPU
		{CABBAF50-5162-46FA-B870-DC2CDA3355DE}.Release|Any CPU.Build.0 = Release|Any CPU
		{05E083C3-9A0F-409E-AE93-992655CA0CE0}.Debug|Any CPU.ActiveCfg = Debug|Any CPU
		{05E083C3-9A0F-409E-AE93-992655CA0CE0}.Debug|Any CPU.Build.0 = Debug|Any CPU
		{05E083C3-9A0F-409E-AE93-992655CA0CE0}.Release|Any CPU.ActiveCfg = Release|Any CPU
		{05E083C3-9A0F-409E-AE93-992655CA0CE0}.Release|Any CPU.Build.0 = Release|Any CPU
	EndGlobalSection
EndGlobal
